
Microsoft Visual Studio Solution File, Format Version 12.00
# Visual Studio 15
VisualStudioVersion = 15.0.28307.271
MinimumVisualStudioVersion = 10.0.40219.1
Project("{FAE04EC0-301F-11D3-BF4B-00C04F79EFBC}") = "NextCity", "NextCity\NextCity.csproj", "{00434509-CBF8-40AE-A1FA-5B7BCAF35462}"
EndProject
Project("{FAE04EC0-301F-11D3-BF4B-00C04F79EFBC}") = "Model", "Model\Model.csproj", "{2E6FCC24-2936-400A-BBCD-37FF61EB6F10}"
EndProject
Project("{FAE04EC0-301F-11D3-BF4B-00C04F79EFBC}") = "DBRepository", "DBRepository\DBRepository.csproj", "{5D26E68A-7CF0-4ADD-9C00-6EF6A740EF43}"
EndProject
Global
	GlobalSection(SolutionConfigurationPlatforms) = preSolution
		Debug|Any CPU = Debug|Any CPU
		Release|Any CPU = Release|Any CPU
	EndGlobalSection
	GlobalSection(ProjectConfigurationPlatforms) = postSolution
		{00434509-CBF8-40AE-A1FA-5B7BCAF35462}.Debug|Any CPU.ActiveCfg = Debug|Any CPU
		{00434509-CBF8-40AE-A1FA-5B7BCAF35462}.Debug|Any CPU.Build.0 = Debug|Any CPU
		{00434509-CBF8-40AE-A1FA-5B7BCAF35462}.Release|Any CPU.ActiveCfg = Release|Any CPU
		{00434509-CBF8-40AE-A1FA-5B7BCAF35462}.Release|Any CPU.Build.0 = Release|Any CPU
		{2E6FCC24-2936-400A-BBCD-37FF61EB6F10}.Debug|Any CPU.ActiveCfg = Debug|Any CPU
		{2E6FCC24-2936-400A-BBCD-37FF61EB6F10}.Debug|Any CPU.Build.0 = Debug|Any CPU
		{2E6FCC24-2936-400A-BBCD-37FF61EB6F10}.Release|Any CPU.ActiveCfg = Release|Any CPU
		{2E6FCC24-2936-400A-BBCD-37FF61EB6F10}.Release|Any CPU.Build.0 = Release|Any CPU
		{5D26E68A-7CF0-4ADD-9C00-6EF6A740EF43}.Debug|Any CPU.ActiveCfg = Debug|Any CPU
		{5D26E68A-7CF0-4ADD-9C00-6EF6A740EF43}.Debug|Any CPU.Build.0 = Debug|Any CPU
		{5D26E68A-7CF0-4ADD-9C00-6EF6A740EF43}.Release|Any CPU.ActiveCfg = Release|Any CPU
		{5D26E68A-7CF0-4ADD-9C00-6EF6A740EF43}.Release|Any CPU.Build.0 = Release|Any CPU
	EndGlobalSection
	GlobalSection(SolutionProperties) = preSolution
		HideSolutionNode = FALSE
	EndGlobalSection
	GlobalSection(ExtensibilityGlobals) = postSolution
		SolutionGuid = {6DD267DF-B7BA-46BA-82FF-380472AA9B72}
	EndGlobalSection
EndGlobal
